
Microsoft Visual Studio Solution File, Format Version 12.00
# Visual Studio 2015
Project("{FAE04EC0-301F-11D3-BF4B-00C04F79EFBC}") = "Melo.CSharp", "Melo.CSharp.csproj", "{A0206890-8656-26A9-D6BA-5C40D7526435}"
EndProject
Project("{FAE04EC0-301F-11D3-BF4B-00C04F79EFBC}") = "Melo.CSharp.Editor", "Melo.CSharp.Editor.csproj", "{29D080B6-F9C6-4D8B-0FB0-D4D75C2A860E}"
EndProject
Global
	GlobalSection(SolutionConfigurationPlatforms) = preSolution
		Debug|Any CPU = Debug|Any CPU
		Release|Any CPU = Release|Any CPU
	EndGlobalSection
	GlobalSection(ProjectConfigurationPlatforms) = postSolution
		{A0206890-8656-26A9-D6BA-5C40D7526435}.Debug|Any CPU.ActiveCfg = Debug|Any CPU
		{A0206890-8656-26A9-D6BA-5C40D7526435}.Debug|Any CPU.Build.0 = Debug|Any CPU
		{A0206890-8656-26A9-D6BA-5C40D7526435}.Release|Any CPU.ActiveCfg = Release|Any CPU
		{A0206890-8656-26A9-D6BA-5C40D7526435}.Release|Any CPU.Build.0 = Release|Any CPU
		{29D080B6-F9C6-4D8B-0FB0-D4D75C2A860E}.Debug|Any CPU.ActiveCfg = Debug|Any CPU
		{29D080B6-F9C6-4D8B-0FB0-D4D75C2A860E}.Debug|Any CPU.Build.0 = Debug|Any CPU
		{29D080B6-F9C6-4D8B-0FB0-D4D75C2A860E}.Release|Any CPU.ActiveCfg = Release|Any CPU
		{29D080B6-F9C6-4D8B-0FB0-D4D75C2A860E}.Release|Any CPU.Build.0 = Release|Any CPU
	EndGlobalSection
	GlobalSection(SolutionProperties) = preSolution
		HideSolutionNode = FALSE
	EndGlobalSection
EndGlobal
